
Microsoft Visual Studio Solution File, Format Version 12.00
# Visual Studio Version 17
VisualStudioVersion = 17.3.32819.101
MinimumVisualStudioVersion = 10.0.40219.1
Project("{FAE04EC0-301F-11D3-BF4B-00C04F79EFBC}") = "AM.UI.Console", "AM.UI.Console\AM.UI.Console.csproj", "{C6893D0B-C01C-46B5-A562-02CE90F9AD77}"
EndProject
Project("{FAE04EC0-301F-11D3-BF4B-00C04F79EFBC}") = "AM.ApplicationCore", "AM.ApplicationCore\AM.ApplicationCore.csproj", "{5D45FD18-4158-4275-8339-DD2405E3D213}"
EndProject
Global
	GlobalSection(SolutionConfigurationPlatforms) = preSolution
		Debug|Any CPU = Debug|Any CPU
		Release|Any CPU = Release|Any CPU
	EndGlobalSection
	GlobalSection(ProjectConfigurationPlatforms) = postSolution
		{C6893D0B-C01C-46B5-A562-02CE90F9AD77}.Debug|Any CPU.ActiveCfg = Debug|Any CPU
		{C6893D0B-C01C-46B5-A562-02CE90F9AD77}.Debug|Any CPU.Build.0 = Debug|Any CPU
		{C6893D0B-C01C-46B5-A562-02CE90F9AD77}.Release|Any CPU.ActiveCfg = Release|Any CPU
		{C6893D0B-C01C-46B5-A562-02CE90F9AD77}.Release|Any CPU.Build.0 = Release|Any CPU
		{5D45FD18-4158-4275-8339-DD2405E3D213}.Debug|Any CPU.ActiveCfg = Debug|Any CPU
		{5D45FD18-4158-4275-8339-DD2405E3D213}.Debug|Any CPU.Build.0 = Debug|Any CPU
		{5D45FD18-4158-4275-8339-DD2405E3D213}.Release|Any CPU.ActiveCfg = Release|Any CPU
		{5D45FD18-4158-4275-8339-DD2405E3D213}.Release|Any CPU.Build.0 = Release|Any CPU
	EndGlobalSection
	GlobalSection(SolutionProperties) = preSolution
		HideSolutionNode = FALSE
	EndGlobalSection
	GlobalSection(ExtensibilityGlobals) = postSolution
		SolutionGuid = {D3DBAFE1-4E57-40B8-BA80-26E588F6991D}
	EndGlobalSection
EndGlobal
